{
  "name": "oo7-substrate",
  "version": "0.2.0",
  "lockfileVersion": 1,
  "requires": true,
  "dependencies": {
    "@babel/runtime": {
      "version": "7.1.2",
      "resolved": "https://registry.npmjs.org/@babel/runtime/-/runtime-7.1.2.tgz",
      "integrity": "sha512-Y3SCjmhSupzFB6wcv1KmmFucH6gDVnI30WjOcicV10ju0cZjak3Jcs67YLIXBrmZYw1xCrVeJPbycFwrqNyxpg==",
      "requires": {
        "regenerator-runtime": "^0.12.0"
      }
    },
    "@polkadot/util": {
      "version": "0.30.7",
      "resolved": "https://registry.npmjs.org/@polkadot/util/-/util-0.30.7.tgz",
      "integrity": "sha512-GgwX7MzqSJvUrPSholHAlM7JS+pZjlgRH7TIqsgUg+inviJpCGvL2icGZXs+1p0AninJwX6jtqh/heDNx5euAg==",
      "requires": {
        "@babel/runtime": "^7.0.0",
        "@types/bn.js": "^4.11.1",
        "@types/camelcase": "^4.1.0",
        "@types/deasync": "^0.1.0",
        "@types/ip-regex": "^2.0.0",
        "@types/xxhashjs": "^0.1.1",
        "bn.js": "^4.11.8",
        "camelcase": "^5.0.0",
        "chalk": "^2.4.1",
        "deasync": "^0.1.13",
        "ip-regex": "^3.0.0",
        "moment": "^2.22.2"
      }
    },
    "@polkadot/util-crypto": {
      "version": "0.30.7",
      "resolved": "https://registry.npmjs.org/@polkadot/util-crypto/-/util-crypto-0.30.7.tgz",
      "integrity": "sha512-9Nd98+jEp1p7FMFdZhh7a2EiZCa8PRiJUCbGOtQDo/P+UtM417e/MWBuw2S6TCkDFhCnIv/prfe0/pgyCjptaA==",
      "requires": {
        "@babel/runtime": "^7.0.0",
        "@polkadot/util": "^0.30.7",
        "blakejs": "^1.1.0",
        "js-sha3": "^0.8.0",
        "tweetnacl": "^1.0.0",
        "xxhashjs": "^0.2.2"
      }
    },
    "@types/bn.js": {
      "version": "4.11.2",
      "resolved": "https://registry.npmjs.org/@types/bn.js/-/bn.js-4.11.2.tgz",
      "integrity": "sha512-OC3E/26kp/+JSOE4eJo86KivQM95MKPgnkug3uSCt+pXTWPovVBhixL1GwK1MLLsxgR3uZmTGjQQd8uKJEnurA==",
      "requires": {
        "@types/node": "*"
      }
    },
    "@types/camelcase": {
      "version": "4.1.0",
      "resolved": "https://registry.npmjs.org/@types/camelcase/-/camelcase-4.1.0.tgz",
      "integrity": "sha512-nsaprOtNLvUrLyFX5+mRpE9h2Q0d5YzQRr+Lav3fxdYtc1/E/U7G+Ld861NWBDDtWY3MnwKoUOhCrE1nrVxUQA=="
    },
    "@types/deasync": {
      "version": "0.1.0",
      "resolved": "https://registry.npmjs.org/@types/deasync/-/deasync-0.1.0.tgz",
      "integrity": "sha512-jxUH53LtGvbIL3TX2hD/XQuAgYJeATtx9kDXq5XtCZrWQABsiCQPjWi/KQXECUF+p9FuR6/tawnEDjXlEr4rFA=="
    },
    "@types/ip-regex": {
      "version": "2.0.0",
      "resolved": "https://registry.npmjs.org/@types/ip-regex/-/ip-regex-2.0.0.tgz",
      "integrity": "sha1-S3q7TCzBpQ8Au08mmD7v0M2I8AU="
    },
    "@types/node": {
      "version": "10.11.7",
      "resolved": "https://registry.npmjs.org/@types/node/-/node-10.11.7.tgz",
      "integrity": "sha512-yOxFfkN9xUFLyvWaeYj90mlqTJ41CsQzWKS3gXdOMOyPVacUsymejKxJ4/pMW7exouubuEeZLJawGgcNGYlTeg=="
    },
    "@types/xxhashjs": {
      "version": "0.1.1",
      "resolved": "https://registry.npmjs.org/@types/xxhashjs/-/xxhashjs-0.1.1.tgz",
      "integrity": "sha512-6mHo5kJME0Ydtms1ZW8qIV34xs4QryS6O8e8xQ5d3kXZgFOtdfV3h1HXhb11EhYSTO94fEj95xa+08VFZB5ZBQ=="
    },
    "ansi-styles": {
      "version": "3.2.1",
      "resolved": "https://registry.npmjs.org/ansi-styles/-/ansi-styles-3.2.1.tgz",
      "integrity": "sha512-VT0ZI6kZRdTh8YyJw3SMbYm/u+NqfsAxEpWO0Pf9sq8/e94WxxOpPKx9FR1FlyCtOVDNOQ+8ntlqFxiRc+r5qA==",
      "requires": {
        "color-convert": "^1.9.0"
      }
    },
    "async-limiter": {
      "version": "1.0.0",
      "bundled": true
    },
    "base-x": {
      "version": "3.0.4",
      "bundled": true,
      "requires": {
        "safe-buffer": "^5.0.1"
      }
    },
    "bindings": {
      "version": "1.2.1",
      "resolved": "https://registry.npmjs.org/bindings/-/bindings-1.2.1.tgz",
      "integrity": "sha1-FK1hE4EtLTfXLme0ystLtyZQXxE="
    },
    "blakejs": {
      "version": "1.1.0",
      "bundled": true
    },
    "bn.js": {
      "version": "4.11.8",
      "resolved": "https://registry.npmjs.org/bn.js/-/bn.js-4.11.8.tgz",
      "integrity": "sha512-ItfYfPLkWHUjckQCk8xC+LwxgK8NYcXywGigJgSwOP8Y2iyWT4f2vsZnoOXTTbo+o5yXmIUJ4gn5538SO5S3gA=="
    },
    "bs58": {
      "version": "4.0.1",
      "bundled": true,
      "requires": {
        "base-x": "^3.0.2"
      }
    },
    "camel-case": {
      "version": "3.0.0",
      "bundled": true,
      "requires": {
        "no-case": "^2.2.0",
        "upper-case": "^1.1.1"
      }
    },
    "camelcase": {
      "version": "5.0.0",
      "resolved": "https://registry.npmjs.org/camelcase/-/camelcase-5.0.0.tgz",
      "integrity": "sha512-faqwZqnWxbxn+F1d399ygeamQNy3lPp/H9H6rNrqYh4FSVCtcY+3cub1MxA8o9mDd55mM8Aghuu/kuyYA6VTsA=="
    },
    "chalk": {
      "version": "2.4.1",
      "resolved": "https://registry.npmjs.org/chalk/-/chalk-2.4.1.tgz",
      "integrity": "sha512-ObN6h1v2fTJSmUXoS3nMQ92LbDK9be4TV+6G+omQlGJFdcUX5heKi1LZ1YnRMIgwTLEj3E24bT6tYni50rlCfQ==",
      "requires": {
        "ansi-styles": "^3.2.1",
        "escape-string-regexp": "^1.0.5",
        "supports-color": "^5.3.0"
      }
    },
    "change-case": {
      "version": "3.0.2",
      "bundled": true,
      "requires": {
        "camel-case": "^3.0.0",
        "constant-case": "^2.0.0",
        "dot-case": "^2.1.0",
        "header-case": "^1.0.0",
        "is-lower-case": "^1.1.0",
        "is-upper-case": "^1.1.0",
        "lower-case": "^1.1.1",
        "lower-case-first": "^1.0.0",
        "no-case": "^2.3.2",
        "param-case": "^2.1.0",
        "pascal-case": "^2.0.0",
        "path-case": "^2.1.0",
        "sentence-case": "^2.1.0",
        "snake-case": "^2.1.0",
        "swap-case": "^1.1.0",
        "title-case": "^2.1.0",
        "upper-case": "^1.1.1",
        "upper-case-first": "^1.1.0"
      }
    },
    "color-convert": {
      "version": "1.9.3",
      "resolved": "https://registry.npmjs.org/color-convert/-/color-convert-1.9.3.tgz",
      "integrity": "sha512-QfAUtd+vFdAtFQcC8CCyYt1fYWxSqAiK2cSD6zDB8N3cpsEBAvRxp9zOGg6G/SHHJYAT88/az/IuDGALsNVbGg==",
      "requires": {
        "color-name": "1.1.3"
      }
    },
    "color-name": {
      "version": "1.1.3",
      "resolved": "https://registry.npmjs.org/color-name/-/color-name-1.1.3.tgz",
      "integrity": "sha1-p9BVi9icQveV3UIyj3QIMcpTvCU="
    },
    "constant-case": {
      "version": "2.0.0",
      "bundled": true,
      "requires": {
        "snake-case": "^2.1.0",
        "upper-case": "^1.1.1"
      }
    },
    "core-js": {
      "version": "2.5.7",
      "resolved": "https://registry.npmjs.org/core-js/-/core-js-2.5.7.tgz",
      "integrity": "sha512-RszJCAxg/PP6uzXVXL6BsxSXx/B05oJAQ2vkJRjyjrEcNVycaqOmNb5OTxZPE3xa5gwZduqza6L9JOCenh/Ecw=="
    },
    "cuint": {
      "version": "0.2.2",
      "bundled": true
    },
    "deasync": {
      "version": "0.1.13",
      "resolved": "https://registry.npmjs.org/deasync/-/deasync-0.1.13.tgz",
      "integrity": "sha512-/6ngYM7AapueqLtvOzjv9+11N2fHDSrkxeMF1YPE20WIfaaawiBg+HZH1E5lHrcJxlKR42t6XPOEmMmqcAsU1g==",
      "requires": {
        "bindings": "~1.2.1",
        "nan": "^2.0.7"
      }
    },
    "dot-case": {
      "version": "2.1.1",
      "bundled": true,
      "requires": {
        "no-case": "^2.2.0"
      }
    },
    "encoding": {
      "version": "0.1.12",
      "bundled": true,
      "requires": {
        "iconv-lite": "~0.4.13"
      }
    },
    "escape-string-regexp": {
      "version": "1.0.5",
      "resolved": "https://registry.npmjs.org/escape-string-regexp/-/escape-string-regexp-1.0.5.tgz",
      "integrity": "sha1-G2HAViGQqN/2rjuyzwIAyhMLhtQ="
    },
    "has-flag": {
      "version": "3.0.0",
      "resolved": "https://registry.npmjs.org/has-flag/-/has-flag-3.0.0.tgz",
      "integrity": "sha1-tdRU3CGZriJWmfNGfloH87lVuv0="
    },
    "header-case": {
      "version": "1.0.1",
      "bundled": true,
      "requires": {
        "no-case": "^2.2.0",
        "upper-case": "^1.1.3"
      }
    },
    "iconv-lite": {
      "version": "0.4.23",
      "bundled": true,
      "requires": {
        "safer-buffer": ">= 2.1.2 < 3"
      }
    },
    "ip-regex": {
      "version": "3.0.0",
      "resolved": "https://registry.npmjs.org/ip-regex/-/ip-regex-3.0.0.tgz",
      "integrity": "sha512-T8wDtjy+Qf2TAPDQmBp0eGKJ8GavlWlUnamr3wRn6vvdZlKVuJXXMlSncYFRYgVHOM3If5NR1H4+OvVQU9Idvg=="
    },
    "is-lower-case": {
      "version": "1.1.3",
      "bundled": true,
      "requires": {
        "lower-case": "^1.1.0"
      }
    },
    "is-stream": {
      "version": "1.1.0",
      "bundled": true
    },
    "is-upper-case": {
      "version": "1.1.2",
      "bundled": true,
      "requires": {
        "upper-case": "^1.1.0"
      }
    },
    "isomorphic-fetch": {
      "version": "2.2.1",
      "bundled": true,
      "requires": {
        "node-fetch": "^1.0.1",
        "whatwg-fetch": ">=0.10.0"
      }
    },
    "js-sha3": {
      "version": "0.8.0",
      "resolved": "https://registry.npmjs.org/js-sha3/-/js-sha3-0.8.0.tgz",
      "integrity": "sha512-gF1cRrHhIzNfToc802P800N8PpXS+evLLXfsVpowqmAFR9uwbi89WvXg2QspOmXL8QL86J4T1EpFu+yUkwJY3Q=="
    },
    "lower-case": {
      "version": "1.1.4",
      "bundled": true
    },
    "lower-case-first": {
      "version": "1.0.2",
      "bundled": true,
      "requires": {
        "lower-case": "^1.1.2"
      }
    },
    "moment": {
      "version": "2.22.2",
      "resolved": "https://registry.npmjs.org/moment/-/moment-2.22.2.tgz",
      "integrity": "sha1-PCV/mDn8DpP/UxSWMiOeuQeD/2Y="
    },
    "nan": {
      "version": "2.11.1",
      "resolved": "https://registry.npmjs.org/nan/-/nan-2.11.1.tgz",
      "integrity": "sha512-iji6k87OSXa0CcrLl9z+ZiYSuR2o+c0bGuNmXdrhTQTakxytAFsC56SArGYoiHlJlFoHSnvmhpceZJaXkVuOtA=="
    },
    "no-case": {
      "version": "2.3.2",
      "bundled": true,
      "requires": {
        "lower-case": "^1.1.1"
      }
    },
    "node-fetch": {
      "version": "1.7.3",
      "bundled": true,
      "requires": {
        "encoding": "^0.1.11",
        "is-stream": "^1.0.1"
      }
    },
    "oo7": {
      "version": "0.7.0",
      "bundled": true
    },
    "oo7-substrate": {
      "version": "file:",
      "requires": {
        "@polkadot/util": "^0.30.7",
        "@polkadot/util-crypto": "^0.30.7",
        "blakejs": "^1.1.0",
        "bs58": "^4.0.1",
        "change-case": "^3.0.2",
        "core-js": "^2.4.0",
        "isomorphic-fetch": "^2.2.1",
        "oo7": "^0.7.0",
        "oo7-substrate": "file:",
        "ss58": "^1.0.2",
        "tweetnacl": "^1.0.0",
        "ws": "^6.1.0",
        "xxhashjs": "^0.2.2"
      },
      "dependencies": {
        "async-limiter": {
          "version": "1.0.0",
          "bundled": true
        },
        "base-x": {
          "version": "3.0.4",
          "bundled": true,
          "requires": {
            "safe-buffer": "^5.0.1"
          }
        },
        "blakejs": {
          "version": "1.1.0",
          "bundled": true
        },
        "bs58": {
          "version": "4.0.1",
          "bundled": true,
          "requires": {
            "base-x": "^3.0.2"
          }
        },
        "camel-case": {
          "version": "3.0.0",
          "bundled": true,
          "requires": {
            "no-case": "^2.2.0",
            "upper-case": "^1.1.1"
          }
        },
        "change-case": {
          "version": "3.0.2",
          "bundled": true,
          "requires": {
            "camel-case": "^3.0.0",
            "constant-case": "^2.0.0",
            "dot-case": "^2.1.0",
            "header-case": "^1.0.0",
            "is-lower-case": "^1.1.0",
            "is-upper-case": "^1.1.0",
            "lower-case": "^1.1.1",
            "lower-case-first": "^1.0.0",
            "no-case": "^2.3.2",
            "param-case": "^2.1.0",
            "pascal-case": "^2.0.0",
            "path-case": "^2.1.0",
            "sentence-case": "^2.1.0",
            "snake-case": "^2.1.0",
            "swap-case": "^1.1.0",
            "title-case": "^2.1.0",
            "upper-case": "^1.1.1",
            "upper-case-first": "^1.1.0"
          }
        },
        "constant-case": {
          "version": "2.0.0",
          "bundled": true,
          "requires": {
            "snake-case": "^2.1.0",
            "upper-case": "^1.1.1"
          }
        },
        "cuint": {
          "version": "0.2.2",
          "bundled": true
        },
        "dot-case": {
          "version": "2.1.1",
          "bundled": true,
          "requires": {
            "no-case": "^2.2.0"
          }
        },
        "encoding": {
          "version": "0.1.12",
          "bundled": true,
          "requires": {
            "iconv-lite": "~0.4.13"
          }
        },
        "header-case": {
          "version": "1.0.1",
          "bundled": true,
          "requires": {
            "no-case": "^2.2.0",
            "upper-case": "^1.1.3"
          }
        },
        "iconv-lite": {
          "version": "0.4.23",
          "bundled": true,
          "requires": {
            "safer-buffer": ">= 2.1.2 < 3"
          }
        },
        "is-lower-case": {
          "version": "1.1.3",
          "bundled": true,
          "requires": {
            "lower-case": "^1.1.0"
          }
        },
        "is-stream": {
          "version": "1.1.0",
          "bundled": true
        },
        "is-upper-case": {
          "version": "1.1.2",
          "bundled": true,
          "requires": {
            "upper-case": "^1.1.0"
          }
        },
        "isomorphic-fetch": {
          "version": "2.2.1",
          "bundled": true,
          "requires": {
            "node-fetch": "^1.0.1",
            "whatwg-fetch": ">=0.10.0"
          }
        },
        "lower-case": {
          "version": "1.1.4",
          "bundled": true
        },
        "lower-case-first": {
          "version": "1.0.2",
          "bundled": true,
          "requires": {
            "lower-case": "^1.1.2"
          }
        },
        "no-case": {
          "version": "2.3.2",
          "bundled": true,
          "requires": {
            "lower-case": "^1.1.1"
          }
        },
        "node-fetch": {
          "version": "1.7.3",
          "bundled": true,
          "requires": {
            "encoding": "^0.1.11",
            "is-stream": "^1.0.1"
          }
        },
        "oo7": {
          "version": "0.7.0",
          "bundled": true
        },
        "param-case": {
          "version": "2.1.1",
          "resolved": "https://registry.npmjs.org/param-case/-/param-case-2.1.1.tgz",
          "integrity": "sha1-35T9jPZTHs915r75oIWPvHK+Ikc=",
          "requires": {
            "no-case": "^2.2.0"
          }
        },
        "pascal-case": {
          "version": "2.0.1",
          "resolved": "https://registry.npmjs.org/pascal-case/-/pascal-case-2.0.1.tgz",
          "integrity": "sha1-LVeNNFX2YNpl7KGO+VtODekSdh4=",
          "requires": {
            "camel-case": "^3.0.0",
            "upper-case-first": "^1.1.0"
          }
        },
        "path-case": {
          "version": "2.1.1",
          "resolved": "https://registry.npmjs.org/path-case/-/path-case-2.1.1.tgz",
          "integrity": "sha1-lLgDfDctP+KQbkZbtF4l0ibo7qU=",
          "requires": {
            "no-case": "^2.2.0"
          }
        },
        "safe-buffer": {
          "version": "5.1.2",
          "resolved": "https://registry.npmjs.org/safe-buffer/-/safe-buffer-5.1.2.tgz",
          "integrity": "sha512-Gd2UZBJDkXlY7GbJxfsE8/nvKkUEU1G38c1siN6QP6a9PT9MmHB8GnpscSmMJSoF8LOIrt8ud/wPtojys4G6+g=="
        },
        "safer-buffer": {
          "version": "2.1.2",
          "resolved": "https://registry.npmjs.org/safer-buffer/-/safer-buffer-2.1.2.tgz",
          "integrity": "sha512-YZo3K82SD7Riyi0E1EQPojLz7kpepnSQI9IyPbHHg1XXXevb5dJI7tpyN2ADxGcQbHG7vcyRHk0cbwqcQriUtg=="
        },
        "sentence-case": {
          "version": "2.1.1",
          "resolved": "https://registry.npmjs.org/sentence-case/-/sentence-case-2.1.1.tgz",
          "integrity": "sha1-H24t2jnBaL+S0T+G1KkYkz9mftQ=",
          "requires": {
            "no-case": "^2.2.0",
            "upper-case-first": "^1.1.2"
          }
        },
        "snake-case": {
          "version": "2.1.0",
          "resolved": "https://registry.npmjs.org/snake-case/-/snake-case-2.1.0.tgz",
          "integrity": "sha1-Qb2xtz8w7GagTU4srRt2OH1NbZ8=",
          "requires": {
            "no-case": "^2.2.0"
          }
        },
        "ss58": {
          "version": "1.0.2",
          "resolved": "https://registry.npmjs.org/ss58/-/ss58-1.0.2.tgz",
          "integrity": "sha512-hCpPJ12+GgsYsyVW2dXY6p3KfqZgLFA9zrKp5cgEx3x93JjPG4DDm6lu0Zp87FW0CSRan3gy7jlF4ZCjHqS7Ig==",
          "requires": {
            "blakejs": "^1.1.0",
            "bs58": "^4.0.1"
          }
        },
        "swap-case": {
          "version": "1.1.2",
          "resolved": "https://registry.npmjs.org/swap-case/-/swap-case-1.1.2.tgz",
          "integrity": "sha1-w5IDpFhzhfrTyFCgvRvK+ggZdOM=",
          "requires": {
            "lower-case": "^1.1.1",
            "upper-case": "^1.1.1"
          }
        },
        "title-case": {
          "version": "2.1.1",
          "resolved": "https://registry.npmjs.org/title-case/-/title-case-2.1.1.tgz",
          "integrity": "sha1-PhJyFtpY0rxb7PE3q5Ha46fNj6o=",
          "requires": {
            "no-case": "^2.2.0",
            "upper-case": "^1.0.3"
          }
        },
        "tweetnacl": {
          "version": "1.0.0",
          "resolved": "https://registry.npmjs.org/tweetnacl/-/tweetnacl-1.0.0.tgz",
          "integrity": "sha1-cT2LgY2kIGh0C/aDhtBHnmb8ins="
        },
        "upper-case": {
          "version": "1.1.3",
          "resolved": "https://registry.npmjs.org/upper-case/-/upper-case-1.1.3.tgz",
          "integrity": "sha1-9rRQHC7EzdJrp4vnIilh3ndiFZg="
        },
        "upper-case-first": {
          "version": "1.1.2",
          "resolved": "https://registry.npmjs.org/upper-case-first/-/upper-case-first-1.1.2.tgz",
          "integrity": "sha1-XXm+3P8UQZUY/S7bCgUHybaFkRU=",
          "requires": {
            "upper-case": "^1.1.1"
          }
        },
        "whatwg-fetch": {
          "version": "2.0.4",
          "resolved": "https://registry.npmjs.org/whatwg-fetch/-/whatwg-fetch-2.0.4.tgz",
          "integrity": "sha512-dcQ1GWpOD/eEQ97k66aiEVpNnapVj90/+R+SXTPYGHpYBBypfKJEQjLrvMZ7YXbKm21gXd4NcuxUTjiv1YtLng=="
        },
        "ws": {
          "version": "6.1.0",
          "resolved": "https://registry.npmjs.org/ws/-/ws-6.1.0.tgz",
          "integrity": "sha512-H3dGVdGvW2H8bnYpIDc3u3LH8Wue3Qh+Zto6aXXFzvESkTVT6rAfKR6tR/+coaUvxs8yHtmNV0uioBF62ZGSTg==",
          "requires": {
            "async-limiter": "~1.0.0"
          }
        },
        "xxhashjs": {
          "version": "0.2.2",
          "resolved": "https://registry.npmjs.org/xxhashjs/-/xxhashjs-0.2.2.tgz",
          "integrity": "sha512-AkTuIuVTET12tpsVIQo+ZU6f/qDmKuRUcjaqR+OIvm+aCBsZ95i7UVY5WJ9TMsSaZ0DA2WxoZ4acu0sPH+OKAw==",
          "requires": {
            "cuint": "^0.2.2"
          }
        }
      }
    },
    "param-case": {
      "version": "2.1.1",
      "resolved": "https://registry.npmjs.org/param-case/-/param-case-2.1.1.tgz",
      "integrity": "sha1-35T9jPZTHs915r75oIWPvHK+Ikc=",
      "requires": {
        "no-case": "^2.2.0"
      }
    },
    "pascal-case": {
      "version": "2.0.1",
      "resolved": "https://registry.npmjs.org/pascal-case/-/pascal-case-2.0.1.tgz",
      "integrity": "sha1-LVeNNFX2YNpl7KGO+VtODekSdh4=",
      "requires": {
        "camel-case": "^3.0.0",
        "upper-case-first": "^1.1.0"
      }
    },
    "path-case": {
      "version": "2.1.1",
      "resolved": "https://registry.npmjs.org/path-case/-/path-case-2.1.1.tgz",
      "integrity": "sha1-lLgDfDctP+KQbkZbtF4l0ibo7qU=",
      "requires": {
        "no-case": "^2.2.0"
      }
    },
    "regenerator-runtime": {
      "version": "0.12.1",
      "resolved": "https://registry.npmjs.org/regenerator-runtime/-/regenerator-runtime-0.12.1.tgz",
      "integrity": "sha512-odxIc1/vDlo4iZcfXqRYFj0vpXFNoGdKMAUieAlFYO6m/nl5e9KR/beGf41z4a1FI+aQgtjhuaSlDxQ0hmkrHg=="
    },
    "safe-buffer": {
      "version": "5.1.2",
      "resolved": "https://registry.npmjs.org/safe-buffer/-/safe-buffer-5.1.2.tgz",
      "integrity": "sha512-Gd2UZBJDkXlY7GbJxfsE8/nvKkUEU1G38c1siN6QP6a9PT9MmHB8GnpscSmMJSoF8LOIrt8ud/wPtojys4G6+g=="
    },
    "safer-buffer": {
      "version": "2.1.2",
      "resolved": "https://registry.npmjs.org/safer-buffer/-/safer-buffer-2.1.2.tgz",
      "integrity": "sha512-YZo3K82SD7Riyi0E1EQPojLz7kpepnSQI9IyPbHHg1XXXevb5dJI7tpyN2ADxGcQbHG7vcyRHk0cbwqcQriUtg=="
    },
    "sentence-case": {
      "version": "2.1.1",
      "resolved": "https://registry.npmjs.org/sentence-case/-/sentence-case-2.1.1.tgz",
      "integrity": "sha1-H24t2jnBaL+S0T+G1KkYkz9mftQ=",
      "requires": {
        "no-case": "^2.2.0",
        "upper-case-first": "^1.1.2"
      }
    },
    "snake-case": {
      "version": "2.1.0",
      "resolved": "https://registry.npmjs.org/snake-case/-/snake-case-2.1.0.tgz",
      "integrity": "sha1-Qb2xtz8w7GagTU4srRt2OH1NbZ8=",
      "requires": {
        "no-case": "^2.2.0"
      }
    },
    "ss58": {
      "version": "1.0.2",
      "resolved": "https://registry.npmjs.org/ss58/-/ss58-1.0.2.tgz",
      "integrity": "sha512-hCpPJ12+GgsYsyVW2dXY6p3KfqZgLFA9zrKp5cgEx3x93JjPG4DDm6lu0Zp87FW0CSRan3gy7jlF4ZCjHqS7Ig==",
      "requires": {
        "blakejs": "^1.1.0",
        "bs58": "^4.0.1"
      }
    },
    "supports-color": {
      "version": "5.5.0",
      "resolved": "https://registry.npmjs.org/supports-color/-/supports-color-5.5.0.tgz",
      "integrity": "sha512-QjVjwdXIt408MIiAqCX4oUKsgU2EqAGzs2Ppkm4aQYbjm+ZEWEcW4SfFNTr4uMNZma0ey4f5lgLrkB0aX0QMow==",
      "requires": {
        "has-flag": "^3.0.0"
      }
    },
    "swap-case": {
      "version": "1.1.2",
      "resolved": "https://registry.npmjs.org/swap-case/-/swap-case-1.1.2.tgz",
      "integrity": "sha1-w5IDpFhzhfrTyFCgvRvK+ggZdOM=",
      "requires": {
        "lower-case": "^1.1.1",
        "upper-case": "^1.1.1"
      }
    },
    "title-case": {
      "version": "2.1.1",
      "resolved": "https://registry.npmjs.org/title-case/-/title-case-2.1.1.tgz",
      "integrity": "sha1-PhJyFtpY0rxb7PE3q5Ha46fNj6o=",
      "requires": {
        "no-case": "^2.2.0",
        "upper-case": "^1.0.3"
      }
    },
    "tweetnacl": {
      "version": "1.0.0",
      "resolved": "https://registry.npmjs.org/tweetnacl/-/tweetnacl-1.0.0.tgz",
      "integrity": "sha1-cT2LgY2kIGh0C/aDhtBHnmb8ins="
    },
    "upper-case": {
      "version": "1.1.3",
      "resolved": "https://registry.npmjs.org/upper-case/-/upper-case-1.1.3.tgz",
      "integrity": "sha1-9rRQHC7EzdJrp4vnIilh3ndiFZg="
    },
    "upper-case-first": {
      "version": "1.1.2",
      "resolved": "https://registry.npmjs.org/upper-case-first/-/upper-case-first-1.1.2.tgz",
      "integrity": "sha1-XXm+3P8UQZUY/S7bCgUHybaFkRU=",
      "requires": {
        "upper-case": "^1.1.1"
      }
    },
    "whatwg-fetch": {
      "version": "2.0.4",
      "resolved": "https://registry.npmjs.org/whatwg-fetch/-/whatwg-fetch-2.0.4.tgz",
      "integrity": "sha512-dcQ1GWpOD/eEQ97k66aiEVpNnapVj90/+R+SXTPYGHpYBBypfKJEQjLrvMZ7YXbKm21gXd4NcuxUTjiv1YtLng=="
    },
    "ws": {
      "version": "6.1.0",
      "resolved": "https://registry.npmjs.org/ws/-/ws-6.1.0.tgz",
      "integrity": "sha512-H3dGVdGvW2H8bnYpIDc3u3LH8Wue3Qh+Zto6aXXFzvESkTVT6rAfKR6tR/+coaUvxs8yHtmNV0uioBF62ZGSTg==",
      "requires": {
        "async-limiter": "~1.0.0"
      }
    },
    "xxhashjs": {
      "version": "0.2.2",
      "resolved": "https://registry.npmjs.org/xxhashjs/-/xxhashjs-0.2.2.tgz",
      "integrity": "sha512-AkTuIuVTET12tpsVIQo+ZU6f/qDmKuRUcjaqR+OIvm+aCBsZ95i7UVY5WJ9TMsSaZ0DA2WxoZ4acu0sPH+OKAw==",
      "requires": {
        "cuint": "^0.2.2"
      }
    }
  }
}
